{
  "lockfileVersion": 1,
  "configVersion": 0,
  "workspaces": {
    "": {
      "name": "js-deobfuscator",
      "dependencies": {
        "ben-sb-shift-codegen": "^8.0.0",
        "commander": "^9.4.0",
        "shift-ast": "^6.1.0",
        "shift-parser": "^8.0.0",
        "shift-validator": "^5.0.1",
        "uuid": "^8.3.2",
      },
      "devDependencies": {
        "@types/estree": "1.0.6",
        "@types/node": "^14.14.22",
        "@types/uuid": "^8.3.3",
        "oxfmt": "^0.20.0",
        "typescript": "^5.9.3",
      },
    },
  },
  "packages": {
    "@oxfmt/darwin-arm64": ["@oxfmt/darwin-arm64@0.20.0", "", { "os": "darwin", "cpu": "arm64" }, "sha512-bjR5dqvrd9gxKYfYR0ljUu3/T3+TuDVWcwA7d+tsfmx9lqidlw3zhgBTblnjF1mrd1zkPMoc5zzq86GeSEt1cA=="],

    "@oxfmt/darwin-x64": ["@oxfmt/darwin-x64@0.20.0", "", { "os": "darwin", "cpu": "x64" }, "sha512-esUDes8FlJX3IY4TVjFLgZrnZlIIyPDlhkCaHgGR3+z2eHFZOvQu68kTSpZLCEJmGXdSpU5rlveycQ6n8tk9ew=="],

    "@oxfmt/linux-arm64-gnu": ["@oxfmt/linux-arm64-gnu@0.20.0", "", { "os": "linux", "cpu": "arm64" }, "sha512-irE0RO9B0R6ziQE6kUVZtZ6IuTdRyuumn1cPWhDfpa0XUa5sE0ly8pjVsvJbj/J9qerVtidU05txeXBB5CirQg=="],

    "@oxfmt/linux-arm64-musl": ["@oxfmt/linux-arm64-musl@0.20.0", "", { "os": "linux", "cpu": "arm64" }, "sha512-eXPBLwYJm26DCmwMwhelEwQMRwuGNaYhYZOhd+CYYsmVoF+h6L6dtjwj0Ovuu0Gqh18EL8vfsaoUvb+jr3vEBg=="],

    "@oxfmt/linux-x64-gnu": ["@oxfmt/linux-x64-gnu@0.20.0", "", { "os": "linux", "cpu": "x64" }, "sha512-dTPW38Hjgb7LoD2mNgyQGBaJ1hu5YgPrxImhl5Eb04eiws+ETCM0wrb2TWGduA+Nv3rHKn3vZEkMTEjklZXgRw=="],

    "@oxfmt/linux-x64-musl": ["@oxfmt/linux-x64-musl@0.20.0", "", { "os": "linux", "cpu": "x64" }, "sha512-b4duw9JGDK/kZoqrPNU9tBOOZQdUW8KJPZ7gW7z54X1eGSqCJ1PT0XLNmZ7SOA1BzQwQ0a3qmQWfFVOsH3a5bw=="],

    "@oxfmt/win32-arm64": ["@oxfmt/win32-arm64@0.20.0", "", { "os": "win32", "cpu": "arm64" }, "sha512-XAzvBhw4K+Fe16dBaFgYAdob9WaM8RYEXl0ibbm5NlNaQEq+5bH9xwc0oaYlHFnLfcgXWmn9ceTAYqNlONQRNA=="],

    "@oxfmt/win32-x64": ["@oxfmt/win32-x64@0.20.0", "", { "os": "win32", "cpu": "x64" }, "sha512-fkJqHbJaoOMRmrjHSljyb4/7BgXO3xPLBsJSFGtm3mpfW0HHFbAKvd4/6njhqJz9KY+b3RWP1WssjFshcqQQ4w=="],

    "@types/estree": ["@types/estree@1.0.6", "", {}, "sha512-AYnb1nQyY49te+VRAVgmzfcgjYS91mY5P0TKUDCLEM+gNnA+3T6rWITXRLYCpahpqSQbN5cE+gHpnPyXjHWxcw=="],

    "@types/node": ["@types/node@14.18.63", "", {}, "sha512-fAtCfv4jJg+ExtXhvCkCqUKZ+4ok/JQk01qDKhL5BDDoS3AxKXhV5/MAVUZyQnSEd2GT92fkgZl0pz0Q0AzcIQ=="],

    "@types/uuid": ["@types/uuid@8.3.4", "", {}, "sha512-c/I8ZRb51j+pYGAu5CrFMRxqZ2ke4y2grEBO5AUjgSkSk+qT2Ea+OdWElz/OiMf5MNpn2b17kuVBwZLQJXzihw=="],

    "ben-sb-shift-codegen": ["ben-sb-shift-codegen@8.0.0", "", { "dependencies": { "esutils": "^2.0.2", "object-assign": "^4.1.0", "shift-reducer": "7.0.0" } }, "sha512-eMwLsVMUUv3KpOJovyEDFwTaIJ3na6VE6RcHyzjf63DDUT6cd9qBICGglWrP4pZqrUsP09qfxUvg7p8yDm/uiQ=="],

    "commander": ["commander@9.5.0", "", {}, "sha512-KRs7WVDKg86PWiuAqhDrAQnTXZKraVcCc6vFdL14qrZ/DcWwuRo7VoiYXalXO7S5GKpqYiVEwCbgFDfxNHKJBQ=="],

    "esutils": ["esutils@2.0.3", "", {}, "sha512-kVscqXk4OCp68SZ0dkgEKVi6/8ij300KBWTJq32P/dYeWTSwK41WyTxalN1eRmA5Z9UU/LX9D7FWSmV9SAYx6g=="],

    "multimap": ["multimap@1.1.0", "", {}, "sha512-0ZIR9PasPxGXmRsEF8jsDzndzHDj7tIav+JUmvIFB/WHswliFnquxECT/De7GR4yg99ky/NlRKJT82G1y271bw=="],

    "object-assign": ["object-assign@4.1.1", "", {}, "sha512-rJgTQnkUnH1sFw8yT6VSU3zD3sWmu6sZhIseY8VX+GRu3P6F7Fu+JNDoXfklElbLJSnc3FUQHVe4cU5hj+BcUg=="],

    "oxfmt": ["oxfmt@0.20.0", "", { "dependencies": { "tinypool": "2.0.0" }, "optionalDependencies": { "@oxfmt/darwin-arm64": "0.20.0", "@oxfmt/darwin-x64": "0.20.0", "@oxfmt/linux-arm64-gnu": "0.20.0", "@oxfmt/linux-arm64-musl": "0.20.0", "@oxfmt/linux-x64-gnu": "0.20.0", "@oxfmt/linux-x64-musl": "0.20.0", "@oxfmt/win32-arm64": "0.20.0", "@oxfmt/win32-x64": "0.20.0" }, "bin": { "oxfmt": "bin/oxfmt" } }, "sha512-+7f8eV8iaK3tENN/FUVxZM1g78HjPehybN8/+/dvEA1O893Dcvk6O7/Q1wTQOHMD7wvdwWdujKl+Uo8QMiKDrQ=="],

    "shift-ast": ["shift-ast@6.1.0", "", {}, "sha512-Vj4XUIJIFPIh6VcBGJ1hjH/kM88XGer94Pr7Rvxa+idEylDsrwtLw268HoxGo5xReL6T3DdRl/9/Pr1XihZ/8Q=="],

    "shift-parser": ["shift-parser@8.0.0", "", { "dependencies": { "multimap": "^1.0.2", "shift-ast": "7.0.0", "shift-reducer": "7.0.0", "shift-regexp-acceptor": "3.0.0" } }, "sha512-IShW1wGhvA5e+SPNVQ+Dwi/Be6651F2jZc6wwYHbYW7PiswAYfvR/v3Q+CjjxsVCna5L6J5OtR6y+tkkCzvCfw=="],

    "shift-reducer": ["shift-reducer@7.0.0", "", { "dependencies": { "shift-ast": "7.0.0" } }, "sha512-9igIDMHzp1+CkQZITGHM1sAd9jqMPV0vhqHuh8jlYumHSMIwsYcrDeo1tlpzNRUnfbEq1nLyh8Bf1YU8HGUE7g=="],

    "shift-regexp-acceptor": ["shift-regexp-acceptor@3.0.0", "", { "dependencies": { "unicode-match-property-ecmascript": "1.0.4", "unicode-match-property-value-ecmascript": "1.0.2", "unicode-property-aliases-ecmascript": "1.0.4" } }, "sha512-98UKizBjHY6SjjLUr51YYw4rtR+vxjGFm8znqNsoahesAI8Y9+WVAyiBCxxkov1KSDhW0Wz8FwwUqHnlFnjdUg=="],

    "shift-validator": ["shift-validator@5.0.1", "", { "dependencies": { "esutils": "2.0.2", "shift-parser": "7.0.3", "shift-reducer": "6.0.0", "shift-regexp-acceptor": "2.0.3" } }, "sha512-q0uUu2IWgEnItpuTbL1HGJkfBWKTGhDMTOqe1ANlc6qfV6jo1E3LB2P1rAVWQnOl+9iZSfdqYzNIACZ0j07l4Q=="],

    "tinypool": ["tinypool@2.0.0", "", {}, "sha512-/RX9RzeH2xU5ADE7n2Ykvmi9ED3FBGPAjw9u3zucrNNaEBIO0HPSYgL0NT7+3p147ojeSdaVu08F6hjpv31HJg=="],

    "typescript": ["typescript@5.9.3", "", { "bin": { "tsc": "bin/tsc", "tsserver": "bin/tsserver" } }, "sha512-jl1vZzPDinLr9eUt3J/t7V6FgNEw9QjvBPdysz9KfQDD41fQrC2Y4vKQdiaUpFT4bXlb1RHhLpp8wtm6M5TgSw=="],

    "unicode-canonical-property-names-ecmascript": ["unicode-canonical-property-names-ecmascript@1.0.4", "", {}, "sha512-jDrNnXWHd4oHiTZnx/ZG7gtUTVp+gCcTTKr8L0HjlwphROEW3+Him+IpvC+xcJEFegapiMZyZe02CyuOnRmbnQ=="],

    "unicode-match-property-ecmascript": ["unicode-match-property-ecmascript@1.0.4", "", { "dependencies": { "unicode-canonical-property-names-ecmascript": "^1.0.4", "unicode-property-aliases-ecmascript": "^1.0.4" } }, "sha512-L4Qoh15vTfntsn4P1zqnHulG0LdXgjSO035fEpdtp6YxXhMT51Q6vgM5lYdG/5X3MjS+k/Y9Xw4SFCY9IkR0rg=="],

    "unicode-match-property-value-ecmascript": ["unicode-match-property-value-ecmascript@1.0.2", "", {}, "sha512-Rx7yODZC1L/T8XKo/2kNzVAQaRE88AaMvI1EF/Xnj3GW2wzN6fop9DDWuFAKUVFH7vozkz26DzP0qyWLKLIVPQ=="],

    "unicode-property-aliases-ecmascript": ["unicode-property-aliases-ecmascript@1.0.4", "", {}, "sha512-2WSLa6OdYd2ng8oqiGIWnJqyFArvhn+5vgx5GTxMbUYjCYKUcuKS62YLFF0R/BDGlB1yzXjQOLtPAfHsgirEpg=="],

    "uuid": ["uuid@8.3.2", "", { "bin": "dist/bin/uuid" }, "sha512-+NYs2QeMWy+GWFOEm9xnn6HCDp0l7QBD7ml8zLUmJ+93Q5NF0NocErnwkTkXVFNiX3/fpC6afS8Dhb/gz7R7eg=="],

    "shift-parser/shift-ast": ["shift-ast@7.0.0", "", {}, "sha512-O0INwsZa1XH/lMSf52udGnjNOxKBLxFiZHt0Ys3i6bqtwuGEA3eDR4+e0qJELIsCy8+BiTtlTgQzP76K1ehipQ=="],

    "shift-reducer/shift-ast": ["shift-ast@7.0.0", "", {}, "sha512-O0INwsZa1XH/lMSf52udGnjNOxKBLxFiZHt0Ys3i6bqtwuGEA3eDR4+e0qJELIsCy8+BiTtlTgQzP76K1ehipQ=="],

    "shift-validator/esutils": ["esutils@2.0.2", "", {}, "sha512-UUPPULqkyAV+M3Shodis7l8D+IyX6V8SbaBnTb449jf3fMTd8+UOZI1Q70NbZVOQkcR91yYgdHsJiMMMVmYshg=="],

    "shift-validator/shift-parser": ["shift-parser@7.0.3", "", { "dependencies": { "multimap": "^1.0.2", "shift-ast": "6.0.0", "shift-reducer": "6.0.0", "shift-regexp-acceptor": "2.0.3" } }, "sha512-uYX2ORyZfKZrUc4iKKkO9KOhzUSxCrSBk7QK6ZmShId+BOo1gh1IwecVy97ynyOTpmhPWUttjC8BzsnQl65Zew=="],

    "shift-validator/shift-reducer": ["shift-reducer@6.0.0", "", { "dependencies": { "shift-ast": "6.0.0" } }, "sha512-2rJraRP8drIOjvaE/sALa+0tGJmMVUzlmS3wIJerJbaYuCjpFAiF0WjkTOFVtz1144Nm/ECmqeG+7yRhuMVsMg=="],

    "shift-validator/shift-regexp-acceptor": ["shift-regexp-acceptor@2.0.3", "", { "dependencies": { "unicode-match-property-ecmascript": "1.0.4", "unicode-match-property-value-ecmascript": "1.0.2", "unicode-property-aliases-ecmascript": "1.0.4" } }, "sha512-sxL7e5JNUFxm+gutFRXktX2D6KVgDAHNuDsk5XHB9Z+N5yXooZG6pdZ1GEbo3Jz6lF7ETYLBC4WAjIFm2RKTmA=="],

    "shift-validator/shift-parser/shift-ast": ["shift-ast@6.0.0", "", {}, "sha512-XXxDcEBWVBzqWXfNYJlLyJ1/9kMvOXVRXiqPjkOrTCC5qRsBvEMJMRLLFhU3tn8ue56Y7IZyBE6bexFum5QLUw=="],

    "shift-validator/shift-reducer/shift-ast": ["shift-ast@6.0.0", "", {}, "sha512-XXxDcEBWVBzqWXfNYJlLyJ1/9kMvOXVRXiqPjkOrTCC5qRsBvEMJMRLLFhU3tn8ue56Y7IZyBE6bexFum5QLUw=="],
  }
}
